{
    "name": "playbook",
    "version": "0.1.0",
    "lockfileVersion": 3,
    "requires": true,
    "packages": {
        "": {
            "name": "playbook",
            "version": "0.1.0",
            "devDependencies": {
                "percy": "5.0.0"
            }
        },
        "node_modules/percy": {
            "version": "5.0.0",
            "resolved": "https://registry.npmjs.org/percy/-/percy-5.0.0.tgz",
            "integrity": "sha512-/6XM7jd/m61vvTS4KARxvdHFT3kmeXeqxBZ8P8x76aBUXqGLqoRMa8Z/H3gYEzJf1qd9Uqdtcn54UjpJA8P0Dg==",
            "dev": true,
            "license": "MIT",
            "bin": {
                "percy": "index.js"
            }
        }
    }
}
