{
  "object": {
    "pins": [
      {
        "package": "CommonMark",
        "repositoryURL": "https://github.com/SwiftDocOrg/CommonMark.git",
        "state": {
          "branch": null,
          "revision": "92fa2fa2bf3c598f23da652e78c2d4b5bc4e35e9",
          "version": "0.5.1"
        }
      },
      {
        "package": "GraphViz",
        "repositoryURL": "https://github.com/SwiftDocOrg/GraphViz.git",
        "state": {
          "branch": null,
          "revision": "74b6cbd8c5ecea9f64d84c4e1c88d65604dd033f",
          "version": "0.4.1"
        }
      },
      {
        "package": "HypertextLiteral",
        "repositoryURL": "https://github.com/NSHipster/HypertextLiteral.git",
        "state": {
          "branch": null,
          "revision": "3993d13c1e1d72a2ab20316646b2d53a705b17d0",
          "version": "0.0.3"
        }
      },
      {
        "package": "Markup",
        "repositoryURL": "https://github.com/SwiftDocOrg/Markup.git",
        "state": {
          "branch": null,
          "revision": "029ad8c1115ab32b7c20ab52eb092fbc030deb17",
          "version": "0.0.4"
        }
      },
      {
        "package": "swift-argument-parser",
        "repositoryURL": "https://github.com/apple/swift-argument-parser.git",
        "state": {
          "branch": null,
          "revision": "9564d61b08a5335ae0a36f789a7d71493eacadfc",
          "version": "0.3.2"
        }
      },
      {
        "package": "cmark",
        "repositoryURL": "https://github.com/SwiftDocOrg/swift-cmark.git",
        "state": {
          "branch": null,
          "revision": "9c8096a23f44794bde297452d87c455fc4f76d42",
          "version": "0.29.0+20210102.9c8096a"
        }
      },
      {
        "package": "swift-doc",
        "repositoryURL": "https://github.com/SwiftDocOrg/swift-doc.git",
        "state": {
          "branch": "1.0.0-rc.1",
          "revision": "f935ebfe524a0ff27bda07dadc3662e3e45b5125",
          "version": null
        }
      },
      {
        "package": "swift-log",
        "repositoryURL": "https://github.com/apple/swift-log.git",
        "state": {
          "branch": null,
          "revision": "5d66f7ba25daf4f94100e7022febf3c75e37a6c7",
          "version": "1.4.2"
        }
      },
      {
        "package": "LoggingGitHubActions",
        "repositoryURL": "https://github.com/NSHipster/swift-log-github-actions.git",
        "state": {
          "branch": null,
          "revision": "13ce1e95e5b0c5fffa7667214d42e1f316693ef5",
          "version": "0.0.1"
        }
      },
      {
        "package": "SwiftSyntax",
        "repositoryURL": "https://github.com/apple/swift-syntax.git",
        "state": {
          "branch": "release/5.4",
          "revision": "d81b6a6dc2698a93dcc04304fb15a5446b5278a4",
          "version": null
        }
      },
      {
        "package": "SwiftMarkup",
        "repositoryURL": "https://github.com/SwiftDocOrg/SwiftMarkup.git",
        "state": {
          "branch": null,
          "revision": "bc71bde93b5217833c8ed13d5cf1e0c60f1367a7",
          "version": "0.3.0"
        }
      },
      {
        "package": "SwiftSemantics",
        "repositoryURL": "https://github.com/SwiftDocOrg/SwiftSemantics.git",
        "state": {
          "branch": "0.3.0",
          "revision": "2f571ccc67e0789d23f8adbccb6a18a6ff3b166c",
          "version": null
        }
      },
      {
        "package": "SwiftSyntaxHighlighter",
        "repositoryURL": "https://github.com/NSHipster/SwiftSyntaxHighlighter.git",
        "state": {
          "branch": "1.2.2",
          "revision": "175923d005df00dc76c3c191bd7977c066a5288c",
          "version": null
        }
      }
    ]
  },
  "version": 1
}
